
Microsoft Visual Studio Solution File, Format Version 12.00
# Visual Studio Version 17
VisualStudioVersion = 17.6.33723.286
MinimumVisualStudioVersion = 10.0.40219.1
Project("{FAE04EC0-301F-11D3-BF4B-00C04F79EFBC}") = "Profile", "Profile\Profile.csproj", "{48B91200-FC2F-424C-B0F2-422A8718A8D1}"
EndProject
Global
	GlobalSection(SolutionConfigurationPlatforms) = preSolution
		Debug|Any CPU = Debug|Any CPU
		Release|Any CPU = Release|Any CPU
	EndGlobalSection
	GlobalSection(ProjectConfigurationPlatforms) = postSolution
		{48B91200-FC2F-424C-B0F2-422A8718A8D1}.Debug|Any CPU.ActiveCfg = Debug|Any CPU
		{48B91200-FC2F-424C-B0F2-422A8718A8D1}.Debug|Any CPU.Build.0 = Debug|Any CPU
		{48B91200-FC2F-424C-B0F2-422A8718A8D1}.Release|Any CPU.ActiveCfg = Release|Any CPU
		{48B91200-FC2F-424C-B0F2-422A8718A8D1}.Release|Any CPU.Build.0 = Release|Any CPU
	EndGlobalSection
	GlobalSection(SolutionProperties) = preSolution
		HideSolutionNode = FALSE
	EndGlobalSection
	GlobalSection(ExtensibilityGlobals) = postSolution
		SolutionGuid = {4BDA0E7E-EA27-4A6B-BE54-9BC917D29869}
	EndGlobalSection
EndGlobal
